
Microsoft Visual Studio Solution File, Format Version 12.00
# Visual Studio Version 17
VisualStudioVersion = 17.8.34330.188
MinimumVisualStudioVersion = 10.0.40219.1
Project("{FAE04EC0-301F-11D3-BF4B-00C04F79EFBC}") = "12A1419", "12A1419\12A1419.csproj", "{21C3DE87-CEAF-42B9-8045-18787306FC1D}"
EndProject
Global
	GlobalSection(SolutionConfigurationPlatforms) = preSolution
		Debug|Any CPU = Debug|Any CPU
		Release|Any CPU = Release|Any CPU
	EndGlobalSection
	GlobalSection(ProjectConfigurationPlatforms) = postSolution
		{21C3DE87-CEAF-42B9-8045-18787306FC1D}.Debug|Any CPU.ActiveCfg = Debug|Any CPU
		{21C3DE87-CEAF-42B9-8045-18787306FC1D}.Debug|Any CPU.Build.0 = Debug|Any CPU
		{21C3DE87-CEAF-42B9-8045-18787306FC1D}.Release|Any CPU.ActiveCfg = Release|Any CPU
		{21C3DE87-CEAF-42B9-8045-18787306FC1D}.Release|Any CPU.Build.0 = Release|Any CPU
	EndGlobalSection
	GlobalSection(SolutionProperties) = preSolution
		HideSolutionNode = FALSE
	EndGlobalSection
	GlobalSection(ExtensibilityGlobals) = postSolution
		SolutionGuid = {29A7B1D7-5F06-4B90-928B-734248A45985}
	EndGlobalSection
EndGlobal
